
Microsoft Visual Studio Solution File, Format Version 12.00
# Visual Studio 15
VisualStudioVersion = 15.0.27130.2024
MinimumVisualStudioVersion = 10.0.40219.1
Project("{FAE04EC0-301F-11D3-BF4B-00C04F79EFBC}") = "InventoryTrackerControl", "InventoryTrackerControl\InventoryTrackerControl.csproj", "{512009B3-A1B4-4D68-A4B7-76701BCFE536}"
EndProject
Project("{FAE04EC0-301F-11D3-BF4B-00C04F79EFBC}") = "Client", "Client\Client.csproj", "{9355863D-3DAD-469F-B5CA-3F6376F98C48}"
EndProject
Global
	GlobalSection(SolutionConfigurationPlatforms) = preSolution
		Debug|Any CPU = Debug|Any CPU
		Release|Any CPU = Release|Any CPU
	EndGlobalSection
	GlobalSection(ProjectConfigurationPlatforms) = postSolution
		{512009B3-A1B4-4D68-A4B7-76701BCFE536}.Debug|Any CPU.ActiveCfg = Debug|Any CPU
		{512009B3-A1B4-4D68-A4B7-76701BCFE536}.Debug|Any CPU.Build.0 = Debug|Any CPU
		{512009B3-A1B4-4D68-A4B7-76701BCFE536}.Release|Any CPU.ActiveCfg = Release|Any CPU
		{512009B3-A1B4-4D68-A4B7-76701BCFE536}.Release|Any CPU.Build.0 = Release|Any CPU
		{9355863D-3DAD-469F-B5CA-3F6376F98C48}.Debug|Any CPU.ActiveCfg = Debug|Any CPU
		{9355863D-3DAD-469F-B5CA-3F6376F98C48}.Debug|Any CPU.Build.0 = Debug|Any CPU
		{9355863D-3DAD-469F-B5CA-3F6376F98C48}.Release|Any CPU.ActiveCfg = Release|Any CPU
		{9355863D-3DAD-469F-B5CA-3F6376F98C48}.Release|Any CPU.Build.0 = Release|Any CPU
	EndGlobalSection
	GlobalSection(SolutionProperties) = preSolution
		HideSolutionNode = FALSE
	EndGlobalSection
	GlobalSection(ExtensibilityGlobals) = postSolution
		SolutionGuid = {0E736B09-3132-4705-9092-B5DA68072D48}
	EndGlobalSection
EndGlobal
