
Microsoft Visual Studio Solution File, Format Version 12.00
# Visual Studio 15
VisualStudioVersion = 15.0.28010.2019
MinimumVisualStudioVersion = 10.0.40219.1
Project("{FAE04EC0-301F-11D3-BF4B-00C04F79EFBC}") = "BookExampleLibrary", "BookExampleLibrary\BookExampleLibrary.csproj", "{01E45C12-0ECF-42E7-83CE-DF2CA45531CA}"
EndProject
Global
	GlobalSection(SolutionConfigurationPlatforms) = preSolution
		Debug|Any CPU = Debug|Any CPU
		Release|Any CPU = Release|Any CPU
	EndGlobalSection
	GlobalSection(ProjectConfigurationPlatforms) = postSolution
		{01E45C12-0ECF-42E7-83CE-DF2CA45531CA}.Debug|Any CPU.ActiveCfg = Debug|Any CPU
		{01E45C12-0ECF-42E7-83CE-DF2CA45531CA}.Debug|Any CPU.Build.0 = Debug|Any CPU
		{01E45C12-0ECF-42E7-83CE-DF2CA45531CA}.Release|Any CPU.ActiveCfg = Release|Any CPU
		{01E45C12-0ECF-42E7-83CE-DF2CA45531CA}.Release|Any CPU.Build.0 = Release|Any CPU
	EndGlobalSection
	GlobalSection(SolutionProperties) = preSolution
		HideSolutionNode = FALSE
	EndGlobalSection
	GlobalSection(ExtensibilityGlobals) = postSolution
		SolutionGuid = {AAB9795C-065D-4BA9-8DCD-E11412188599}
	EndGlobalSection
EndGlobal
