
Microsoft Visual Studio Solution File, Format Version 12.00
# Visual Studio 15
VisualStudioVersion = 15.0.28010.2019
MinimumVisualStudioVersion = 10.0.40219.1
Project("{FAE04EC0-301F-11D3-BF4B-00C04F79EFBC}") = "Calculator", "Assignment1\Calculator.csproj", "{11D8EB76-DF16-4CA7-A681-925336E47CCA}"
EndProject
Global
	GlobalSection(SolutionConfigurationPlatforms) = preSolution
		Debug|Any CPU = Debug|Any CPU
		Release|Any CPU = Release|Any CPU
	EndGlobalSection
	GlobalSection(ProjectConfigurationPlatforms) = postSolution
		{11D8EB76-DF16-4CA7-A681-925336E47CCA}.Debug|Any CPU.ActiveCfg = Debug|Any CPU
		{11D8EB76-DF16-4CA7-A681-925336E47CCA}.Debug|Any CPU.Build.0 = Debug|Any CPU
		{11D8EB76-DF16-4CA7-A681-925336E47CCA}.Release|Any CPU.ActiveCfg = Release|Any CPU
		{11D8EB76-DF16-4CA7-A681-925336E47CCA}.Release|Any CPU.Build.0 = Release|Any CPU
	EndGlobalSection
	GlobalSection(SolutionProperties) = preSolution
		HideSolutionNode = FALSE
	EndGlobalSection
	GlobalSection(ExtensibilityGlobals) = postSolution
		SolutionGuid = {BE309B84-1D86-41DA-9F50-68551C05399F}
	EndGlobalSection
EndGlobal
