
Microsoft Visual Studio Solution File, Format Version 12.00
# Visual Studio 15
VisualStudioVersion = 15.0.28307.329
MinimumVisualStudioVersion = 10.0.40219.1
Project("{FAE04EC0-301F-11D3-BF4B-00C04F79EFBC}") = "BooksExamples", "BooksExamples\BooksExamples.csproj", "{A7E47D3B-B002-4679-B020-268C7599D621}"
EndProject
Project("{FAE04EC0-301F-11D3-BF4B-00C04F79EFBC}") = "DisplayTable", "DisplayTable\DisplayTable.csproj", "{A0264062-46E8-4B21-9353-4A9C5E28002F}"
EndProject
Global
	GlobalSection(SolutionConfigurationPlatforms) = preSolution
		Debug|Any CPU = Debug|Any CPU
		Release|Any CPU = Release|Any CPU
	EndGlobalSection
	GlobalSection(ProjectConfigurationPlatforms) = postSolution
		{A7E47D3B-B002-4679-B020-268C7599D621}.Debug|Any CPU.ActiveCfg = Debug|Any CPU
		{A7E47D3B-B002-4679-B020-268C7599D621}.Debug|Any CPU.Build.0 = Debug|Any CPU
		{A7E47D3B-B002-4679-B020-268C7599D621}.Release|Any CPU.ActiveCfg = Release|Any CPU
		{A7E47D3B-B002-4679-B020-268C7599D621}.Release|Any CPU.Build.0 = Release|Any CPU
		{A0264062-46E8-4B21-9353-4A9C5E28002F}.Debug|Any CPU.ActiveCfg = Debug|Any CPU
		{A0264062-46E8-4B21-9353-4A9C5E28002F}.Debug|Any CPU.Build.0 = Debug|Any CPU
		{A0264062-46E8-4B21-9353-4A9C5E28002F}.Release|Any CPU.ActiveCfg = Release|Any CPU
		{A0264062-46E8-4B21-9353-4A9C5E28002F}.Release|Any CPU.Build.0 = Release|Any CPU
	EndGlobalSection
	GlobalSection(SolutionProperties) = preSolution
		HideSolutionNode = FALSE
	EndGlobalSection
	GlobalSection(ExtensibilityGlobals) = postSolution
		SolutionGuid = {DD699F60-82E9-45FB-BB50-52B4EE403DDD}
	EndGlobalSection
EndGlobal
