
Microsoft Visual Studio Solution File, Format Version 12.00
# Visual Studio 15
VisualStudioVersion = 15.0.28010.2019
MinimumVisualStudioVersion = 10.0.40219.1
Project("{FAE04EC0-301F-11D3-BF4B-00C04F79EFBC}") = "DemoINotifyPropertyChange", "DemoINotifyPropertyChange\DemoINotifyPropertyChange.csproj", "{64F7CB49-9530-402C-881D-098D29BFB52D}"
EndProject
Global
	GlobalSection(SolutionConfigurationPlatforms) = preSolution
		Debug|Any CPU = Debug|Any CPU
		Release|Any CPU = Release|Any CPU
	EndGlobalSection
	GlobalSection(ProjectConfigurationPlatforms) = postSolution
		{64F7CB49-9530-402C-881D-098D29BFB52D}.Debug|Any CPU.ActiveCfg = Debug|Any CPU
		{64F7CB49-9530-402C-881D-098D29BFB52D}.Debug|Any CPU.Build.0 = Debug|Any CPU
		{64F7CB49-9530-402C-881D-098D29BFB52D}.Release|Any CPU.ActiveCfg = Release|Any CPU
		{64F7CB49-9530-402C-881D-098D29BFB52D}.Release|Any CPU.Build.0 = Release|Any CPU
	EndGlobalSection
	GlobalSection(SolutionProperties) = preSolution
		HideSolutionNode = FALSE
	EndGlobalSection
	GlobalSection(ExtensibilityGlobals) = postSolution
		SolutionGuid = {78921893-63CB-4C0B-BF91-1F13E75BF25D}
	EndGlobalSection
EndGlobal
