
Microsoft Visual Studio Solution File, Format Version 12.00
# Visual Studio 15
VisualStudioVersion = 15.0.28010.2019
MinimumVisualStudioVersion = 10.0.40219.1
Project("{FAE04EC0-301F-11D3-BF4B-00C04F79EFBC}") = "DelegateExample", "DelegateExample\DelegateExample.csproj", "{B991EE9B-1B1A-4854-9EAE-678820EF0D90}"
EndProject
Global
	GlobalSection(SolutionConfigurationPlatforms) = preSolution
		Debug|Any CPU = Debug|Any CPU
		Release|Any CPU = Release|Any CPU
	EndGlobalSection
	GlobalSection(ProjectConfigurationPlatforms) = postSolution
		{B991EE9B-1B1A-4854-9EAE-678820EF0D90}.Debug|Any CPU.ActiveCfg = Debug|Any CPU
		{B991EE9B-1B1A-4854-9EAE-678820EF0D90}.Debug|Any CPU.Build.0 = Debug|Any CPU
		{B991EE9B-1B1A-4854-9EAE-678820EF0D90}.Release|Any CPU.ActiveCfg = Release|Any CPU
		{B991EE9B-1B1A-4854-9EAE-678820EF0D90}.Release|Any CPU.Build.0 = Release|Any CPU
	EndGlobalSection
	GlobalSection(SolutionProperties) = preSolution
		HideSolutionNode = FALSE
	EndGlobalSection
	GlobalSection(ExtensibilityGlobals) = postSolution
		SolutionGuid = {51A3BD05-CB46-499A-A58B-82A79E920E17}
	EndGlobalSection
EndGlobal
