
Microsoft Visual Studio Solution File, Format Version 12.00
# Visual Studio 15
VisualStudioVersion = 15.0.28010.2019
MinimumVisualStudioVersion = 10.0.40219.1
Project("{FAE04EC0-301F-11D3-BF4B-00C04F79EFBC}") = "DemoObservableCollection", "DemoObservableCollection\DemoObservableCollection.csproj", "{F4764596-BCA8-43AA-92A3-BE5E70426A93}"
EndProject
Global
	GlobalSection(SolutionConfigurationPlatforms) = preSolution
		Debug|Any CPU = Debug|Any CPU
		Release|Any CPU = Release|Any CPU
	EndGlobalSection
	GlobalSection(ProjectConfigurationPlatforms) = postSolution
		{F4764596-BCA8-43AA-92A3-BE5E70426A93}.Debug|Any CPU.ActiveCfg = Debug|Any CPU
		{F4764596-BCA8-43AA-92A3-BE5E70426A93}.Debug|Any CPU.Build.0 = Debug|Any CPU
		{F4764596-BCA8-43AA-92A3-BE5E70426A93}.Release|Any CPU.ActiveCfg = Release|Any CPU
		{F4764596-BCA8-43AA-92A3-BE5E70426A93}.Release|Any CPU.Build.0 = Release|Any CPU
	EndGlobalSection
	GlobalSection(SolutionProperties) = preSolution
		HideSolutionNode = FALSE
	EndGlobalSection
	GlobalSection(ExtensibilityGlobals) = postSolution
		SolutionGuid = {C816F26B-4270-4FE3-91F4-964D161FD730}
	EndGlobalSection
EndGlobal
